// !$*UTF8*$!
{
	archiveVersion = 1;
	classes = {
	};
	objectVersion = 51;
	objects = {

/* Begin PBXBuildFile section */
		882C7EAA231D7ADF00B9AFC5 /* AppDelegate.swift in Sources */ = {isa = PBXBuildFile; fileRef = 882C7EA9231D7ADF00B9AFC5 /* AppDelegate.swift */; };
		882C7EAC231D7ADF00B9AFC5 /* SceneDelegate.swift in Sources */ = {isa = PBXBuildFile; fileRef = 882C7EAB231D7ADF00B9AFC5 /* SceneDelegate.swift */; };
		882C7EAE231D7ADF00B9AFC5 /* ContentView.swift in Sources */ = {isa = PBXBuildFile; fileRef = 882C7EAD231D7ADF00B9AFC5 /* ContentView.swift */; };
		882C7EB0231D7AE000B9AFC5 /* Assets.xcassets in Resources */ = {isa = PBXBuildFile; fileRef = 882C7EAF231D7AE000B9AFC5 /* Assets.xcassets */; };
		882C7EB3231D7AE000B9AFC5 /* Preview Assets.xcassets in Resources */ = {isa = PBXBuildFile; fileRef = 882C7EB2231D7AE000B9AFC5 /* Preview Assets.xcassets */; };
		882C7EB6231D7AE000B9AFC5 /* LaunchScreen.storyboard in Resources */ = {isa = PBXBuildFile; fileRef = 882C7EB4231D7AE000B9AFC5 /* LaunchScreen.storyboard */; };
		882C7EC1231D7AE100B9AFC5 /* SwiftUI_CombineTests.swift in Sources */ = {isa = PBXBuildFile; fileRef = 882C7EC0231D7AE100B9AFC5 /* SwiftUI_CombineTests.swift */; };
		88AC600223294399007E504C /* UserViewModel.swift in Sources */ = {isa = PBXBuildFile; fileRef = 88AC600123294399007E504C /* UserViewModel.swift */; };
		F4EAB782D9A69D55169AA082 /* Pods_SwiftUI_CombineTests.framework in Frameworks */ = {isa = PBXBuildFile; fileRef = EAED7B4B2E771F456C8D9A44 /* Pods_SwiftUI_CombineTests.framework */; };
		FA4B1DD302AA565FF9C19D95 /* Pods_SwiftUI_Combine.framework in Frameworks */ = {isa = PBXBuildFile; fileRef = 10ACBDCE50933F4EC1241D62 /* Pods_SwiftUI_Combine.framework */; };
/* End PBXBuildFile section */

/* Begin PBXContainerItemProxy section */
		882C7EBD231D7AE100B9AFC5 /* PBXContainerItemProxy */ = {
			isa = PBXContainerItemProxy;
			containerPortal = 882C7E9E231D7ADF00B9AFC5 /* Project object */;
			proxyType = 1;
			remoteGlobalIDString = 882C7EA5231D7ADF00B9AFC5;
			remoteInfo = "SwiftUI-Combine";
		};
/* End PBXContainerItemProxy section */

/* Begin PBXFileReference section */
		10ACBDCE50933F4EC1241D62 /* Pods_SwiftUI_Combine.framework */ = {isa = PBXFileReference; explicitFileType = wrapper.framework; includeInIndex = 0; path = Pods_SwiftUI_Combine.framework; sourceTree = BUILT_PRODUCTS_DIR; };
		599086138F71BEBCF45931C6 /* Pods-SwiftUI-Combine.release.xcconfig */ = {isa = PBXFileReference; includeInIndex = 1; lastKnownFileType = text.xcconfig; name = "Pods-SwiftUI-Combine.release.xcconfig"; path = "Target Support Files/Pods-SwiftUI-Combine/Pods-SwiftUI-Combine.release.xcconfig"; sourceTree = "<group>"; };
		882C7EA6231D7ADF00B9AFC5 /* SwiftUI-Combine.app */ = {isa = PBXFileReference; explicitFileType = wrapper.application; includeInIndex = 0; path = "SwiftUI-Combine.app"; sourceTree = BUILT_PRODUCTS_DIR; };
		882C7EA9231D7ADF00B9AFC5 /* AppDelegate.swift */ = {isa = PBXFileReference; lastKnownFileType = sourcecode.swift; path = AppDelegate.swift; sourceTree = "<group>"; };
		882C7EAB231D7ADF00B9AFC5 /* SceneDelegate.swift */ = {isa = PBXFileReference; lastKnownFileType = sourcecode.swift; path = SceneDelegate.swift; sourceTree = "<group>"; };
		882C7EAD231D7ADF00B9AFC5 /* ContentView.swift */ = {isa = PBXFileReference; lastKnownFileType = sourcecode.swift; path = ContentView.swift; sourceTree = "<group>"; };
		882C7EAF231D7AE000B9AFC5 /* Assets.xcassets */ = {isa = PBXFileReference; lastKnownFileType = folder.assetcatalog; path = Assets.xcassets; sourceTree = "<group>"; };
		882C7EB2231D7AE000B9AFC5 /* Preview Assets.xcassets */ = {isa = PBXFileReference; lastKnownFileType = folder.assetcatalog; path = "Preview Assets.xcassets"; sourceTree = "<group>"; };
		882C7EB5231D7AE000B9AFC5 /* Base */ = {isa = PBXFileReference; lastKnownFileType = file.storyboard; name = Base; path = Base.lproj/LaunchScreen.storyboard; sourceTree = "<group>"; };
		882C7EB7231D7AE000B9AFC5 /* Info.plist */ = {isa = PBXFileReference; lastKnownFileType = text.plist.xml; path = Info.plist; sourceTree = "<group>"; };
		882C7EBC231D7AE100B9AFC5 /* SwiftUI-CombineTests.xctest */ = {isa = PBXFileReference; explicitFileType = wrapper.cfbundle; includeInIndex = 0; path = "SwiftUI-CombineTests.xctest"; sourceTree = BUILT_PRODUCTS_DIR; };
		882C7EC0231D7AE100B9AFC5 /* SwiftUI_CombineTests.swift */ = {isa = PBXFileReference; lastKnownFileType = sourcecode.swift; path = SwiftUI_CombineTests.swift; sourceTree = "<group>"; };
		882C7EC2231D7AE100B9AFC5 /* Info.plist */ = {isa = PBXFileReference; lastKnownFileType = text.plist.xml; path = Info.plist; sourceTree = "<group>"; };
		88AC600123294399007E504C /* UserViewModel.swift */ = {isa = PBXFileReference; lastKnownFileType = sourcecode.swift; path = UserViewModel.swift; sourceTree = "<group>"; };
		90842E7EA5DF6F7316755E72 /* Pods-SwiftUI-Combine.debug.xcconfig */ = {isa = PBXFileReference; includeInIndex = 1; lastKnownFileType = text.xcconfig; name = "Pods-SwiftUI-Combine.debug.xcconfig"; path = "Target Support Files/Pods-SwiftUI-Combine/Pods-SwiftUI-Combine.debug.xcconfig"; sourceTree = "<group>"; };
		A874CED7A50631579A1CC107 /* Pods-SwiftUI-CombineTests.debug.xcconfig */ = {isa = PBXFileReference; includeInIndex = 1; lastKnownFileType = text.xcconfig; name = "Pods-SwiftUI-CombineTests.debug.xcconfig"; path = "Target Support Files/Pods-SwiftUI-CombineTests/Pods-SwiftUI-CombineTests.debug.xcconfig"; sourceTree = "<group>"; };
		E12A138418FFFE624CC418C6 /* Pods-SwiftUI-CombineTests.release.xcconfig */ = {isa = PBXFileReference; includeInIndex = 1; lastKnownFileType = text.xcconfig; name = "Pods-SwiftUI-CombineTests.release.xcconfig"; path = "Target Support Files/Pods-SwiftUI-CombineTests/Pods-SwiftUI-CombineTests.release.xcconfig"; sourceTree = "<group>"; };
		EAED7B4B2E771F456C8D9A44 /* Pods_SwiftUI_CombineTests.framework */ = {isa = PBXFileReference; explicitFileType = wrapper.framework; includeInIndex = 0; path = Pods_SwiftUI_CombineTests.framework; sourceTree = BUILT_PRODUCTS_DIR; };
/* End PBXFileReference section */

/* Begin PBXFrameworksBuildPhase section */
		882C7EA3231D7ADF00B9AFC5 /* Frameworks */ = {
			isa = PBXFrameworksBuildPhase;
			buildActionMask = 2147483647;
			files = (
				FA4B1DD302AA565FF9C19D95 /* Pods_SwiftUI_Combine.framework in Frameworks */,
			);
			runOnlyForDeploymentPostprocessing = 0;
		};
		882C7EB9231D7AE100B9AFC5 /* Frameworks */ = {
			isa = PBXFrameworksBuildPhase;
			buildActionMask = 2147483647;
			files = (
				F4EAB782D9A69D55169AA082 /* Pods_SwiftUI_CombineTests.framework in Frameworks */,
			);
			runOnlyForDeploymentPostprocessing = 0;
		};
/* End PBXFrameworksBuildPhase section */

/* Begin PBXGroup section */
		645D7801FE25E8A20FA5A557 /* Frameworks */ = {
			isa = PBXGroup;
			children = (
				10ACBDCE50933F4EC1241D62 /* Pods_SwiftUI_Combine.framework */,
				EAED7B4B2E771F456C8D9A44 /* Pods_SwiftUI_CombineTests.framework */,
			);
			name = Frameworks;
			sourceTree = "<group>";
		};
		7A0740E42B9ECC47EA99F52D /* Pods */ = {
			isa = PBXGroup;
			children = (
				90842E7EA5DF6F7316755E72 /* Pods-SwiftUI-Combine.debug.xcconfig */,
				599086138F71BEBCF45931C6 /* Pods-SwiftUI-Combine.release.xcconfig */,
				A874CED7A50631579A1CC107 /* Pods-SwiftUI-CombineTests.debug.xcconfig */,
				E12A138418FFFE624CC418C6 /* Pods-SwiftUI-CombineTests.release.xcconfig */,
			);
			path = Pods;
			sourceTree = "<group>";
		};
		882C7E9D231D7ADF00B9AFC5 = {
			isa = PBXGroup;
			children = (
				882C7EA8231D7ADF00B9AFC5 /* SwiftUI-Combine */,
				882C7EBF231D7AE100B9AFC5 /* SwiftUI-CombineTests */,
				882C7EA7231D7ADF00B9AFC5 /* Products */,
				7A0740E42B9ECC47EA99F52D /* Pods */,
				645D7801FE25E8A20FA5A557 /* Frameworks */,
			);
			sourceTree = "<group>";
		};
		882C7EA7231D7ADF00B9AFC5 /* Products */ = {
			isa = PBXGroup;
			children = (
				882C7EA6231D7ADF00B9AFC5 /* SwiftUI-Combine.app */,
				882C7EBC231D7AE100B9AFC5 /* SwiftUI-CombineTests.xctest */,
			);
			name = Products;
			sourceTree = "<group>";
		};
		882C7EA8231D7ADF00B9AFC5 /* SwiftUI-Combine */ = {
			isa = PBXGroup;
			children = (
				88AC5FFF23294361007E504C /* ViewModels */,
				88AC60002329436F007E504C /* Views */,
				882C7EA9231D7ADF00B9AFC5 /* AppDelegate.swift */,
				882C7EAB231D7ADF00B9AFC5 /* SceneDelegate.swift */,
				882C7EAF231D7AE000B9AFC5 /* Assets.xcassets */,
				882C7EB4231D7AE000B9AFC5 /* LaunchScreen.storyboard */,
				882C7EB7231D7AE000B9AFC5 /* Info.plist */,
				882C7EB1231D7AE000B9AFC5 /* Preview Content */,
			);
			path = "SwiftUI-Combine";
			sourceTree = "<group>";
		};
		882C7EB1231D7AE000B9AFC5 /* Preview Content */ = {
			isa = PBXGroup;
			children = (
				882C7EB2231D7AE000B9AFC5 /* Preview Assets.xcassets */,
			);
			path = "Preview Content";
			sourceTree = "<group>";
		};
		882C7EBF231D7AE100B9AFC5 /* SwiftUI-CombineTests */ = {
			isa = PBXGroup;
			children = (
				882C7EC0231D7AE100B9AFC5 /* SwiftUI_CombineTests.swift */,
				882C7EC2231D7AE100B9AFC5 /* Info.plist */,
			);
			path = "SwiftUI-CombineTests";
			sourceTree = "<group>";
		};
		88AC5FFF23294361007E504C /* ViewModels */ = {
			isa = PBXGroup;
			children = (
				88AC600123294399007E504C /* UserViewModel.swift */,
			);
			path = ViewModels;
			sourceTree = "<group>";
		};
		88AC60002329436F007E504C /* Views */ = {
			isa = PBXGroup;
			children = (
				882C7EAD231D7ADF00B9AFC5 /* ContentView.swift */,
			);
			path = Views;
			sourceTree = "<group>";
		};
/* End PBXGroup section */

/* Begin PBXNativeTarget section */
		882C7EA5231D7ADF00B9AFC5 /* SwiftUI-Combine */ = {
			isa = PBXNativeTarget;
			buildConfigurationList = 882C7EC5231D7AE100B9AFC5 /* Build configuration list for PBXNativeTarget "SwiftUI-Combine" */;
			buildPhases = (
				6C0DC6CFC852FB8A2593FA93 /* [CP] Check Pods Manifest.lock */,
				882C7EA2231D7ADF00B9AFC5 /* Sources */,
				882C7EA3231D7ADF00B9AFC5 /* Frameworks */,
				882C7EA4231D7ADF00B9AFC5 /* Resources */,
				9097C35BE50017624621435F /* [CP] Embed Pods Frameworks */,
			);
			buildRules = (
			);
			dependencies = (
			);
			name = "SwiftUI-Combine";
			productName = "SwiftUI-Combine";
			productReference = 882C7EA6231D7ADF00B9AFC5 /* SwiftUI-Combine.app */;
			productType = "com.apple.product-type.application";
		};
		882C7EBB231D7AE100B9AFC5 /* SwiftUI-CombineTests */ = {
			isa = PBXNativeTarget;
			buildConfigurationList = 882C7EC8231D7AE100B9AFC5 /* Build configuration list for PBXNativeTarget "SwiftUI-CombineTests" */;
			buildPhases = (
				6131D054C8597DB651A4CC6E /* [CP] Check Pods Manifest.lock */,
				882C7EB8231D7AE100B9AFC5 /* Sources */,
				882C7EB9231D7AE100B9AFC5 /* Frameworks */,
				882C7EBA231D7AE100B9AFC5 /* Resources */,
			);
			buildRules = (
			);
			dependencies = (
				882C7EBE231D7AE100B9AFC5 /* PBXTargetDependency */,
			);
			name = "SwiftUI-CombineTests";
			productName = "SwiftUI-CombineTests";
			productReference = 882C7EBC231D7AE100B9AFC5 /* SwiftUI-CombineTests.xctest */;
			productType = "com.apple.product-type.bundle.unit-test";
		};
/* End PBXNativeTarget section */

/* Begin PBXProject section */
		882C7E9E231D7ADF00B9AFC5 /* Project object */ = {
			isa = PBXProject;
			attributes = {
				LastSwiftUpdateCheck = 1100;
				LastUpgradeCheck = 1100;
				ORGANIZATIONNAME = "Google LLC";
				TargetAttributes = {
					882C7EA5231D7ADF00B9AFC5 = {
						CreatedOnToolsVersion = 11.0;
					};
					882C7EBB231D7AE100B9AFC5 = {
						CreatedOnToolsVersion = 11.0;
						TestTargetID = 882C7EA5231D7ADF00B9AFC5;
					};
				};
			};
			buildConfigurationList = 882C7EA1231D7ADF00B9AFC5 /* Build configuration list for PBXProject "SwiftUI-Combine" */;
			compatibilityVersion = "Xcode 9.3";
			developmentRegion = en;
			hasScannedForEncodings = 0;
			knownRegions = (
				en,
				Base,
			);
			mainGroup = 882C7E9D231D7ADF00B9AFC5;
			productRefGroup = 882C7EA7231D7ADF00B9AFC5 /* Products */;
			projectDirPath = "";
			projectRoot = "";
			targets = (
				882C7EA5231D7ADF00B9AFC5 /* SwiftUI-Combine */,
				882C7EBB231D7AE100B9AFC5 /* SwiftUI-CombineTests */,
			);
		};
/* End PBXProject section */

/* Begin PBXResourcesBuildPhase section */
		882C7EA4231D7ADF00B9AFC5 /* Resources */ = {
			isa = PBXResourcesBuildPhase;
			buildActionMask = 2147483647;
			files = (
				882C7EB6231D7AE000B9AFC5 /* LaunchScreen.storyboard in Resources */,
				882C7EB3231D7AE000B9AFC5 /* Preview Assets.xcassets in Resources */,
				882C7EB0231D7AE000B9AFC5 /* Assets.xcassets in Resources */,
			);
			runOnlyForDeploymentPostprocessing = 0;
		};
		882C7EBA231D7AE100B9AFC5 /* Resources */ = {
			isa = PBXResourcesBuildPhase;
			buildActionMask = 2147483647;
			files = (
			);
			runOnlyForDeploymentPostprocessing = 0;
		};
/* End PBXResourcesBuildPhase section */

/* Begin PBXShellScriptBuildPhase section */
		6131D054C8597DB651A4CC6E /* [CP] Check Pods Manifest.lock */ = {
			isa = PBXShellScriptBuildPhase;
			buildActionMask = 2147483647;
			files = (
			);
			inputFileListPaths = (
			);
			inputPaths = (
				"${PODS_PODFILE_DIR_PATH}/Podfile.lock",
				"${PODS_ROOT}/Manifest.lock",
			);
			name = "[CP] Check Pods Manifest.lock";
			outputFileListPaths = (
			);
			outputPaths = (
				"$(DERIVED_FILE_DIR)/Pods-SwiftUI-CombineTests-checkManifestLockResult.txt",
			);
			runOnlyForDeploymentPostprocessing = 0;
			shellPath = /bin/sh;
			shellScript = "diff \"${PODS_PODFILE_DIR_PATH}/Podfile.lock\" \"${PODS_ROOT}/Manifest.lock\" > /dev/null\nif [ $? != 0 ] ; then\n    # print error to STDERR\n    echo \"error: The sandbox is not in sync with the Podfile.lock. Run 'pod install' or update your CocoaPods installation.\" >&2\n    exit 1\nfi\n# This output is used by Xcode 'outputs' to avoid re-running this script phase.\necho \"SUCCESS\" > \"${SCRIPT_OUTPUT_FILE_0}\"\n";
			showEnvVarsInLog = 0;
		};
		6C0DC6CFC852FB8A2593FA93 /* [CP] Check Pods Manifest.lock */ = {
			isa = PBXShellScriptBuildPhase;
			buildActionMask = 2147483647;
			files = (
			);
			inputFileListPaths = (
			);
			inputPaths = (
				"${PODS_PODFILE_DIR_PATH}/Podfile.lock",
				"${PODS_ROOT}/Manifest.lock",
			);
			name = "[CP] Check Pods Manifest.lock";
			outputFileListPaths = (
			);
			outputPaths = (
				"$(DERIVED_FILE_DIR)/Pods-SwiftUI-Combine-checkManifestLockResult.txt",
			);
			runOnlyForDeploymentPostprocessing = 0;
			shellPath = /bin/sh;
			shellScript = "diff \"${PODS_PODFILE_DIR_PATH}/Podfile.lock\" \"${PODS_ROOT}/Manifest.lock\" > /dev/null\nif [ $? != 0 ] ; then\n    # print error to STDERR\n    echo \"error: The sandbox is not in sync with the Podfile.lock. Run 'pod install' or update your CocoaPods installation.\" >&2\n    exit 1\nfi\n# This output is used by Xcode 'outputs' to avoid re-running this script phase.\necho \"SUCCESS\" > \"${SCRIPT_OUTPUT_FILE_0}\"\n";
			showEnvVarsInLog = 0;
		};
		9097C35BE50017624621435F /* [CP] Embed Pods Frameworks */ = {
			isa = PBXShellScriptBuildPhase;
			buildActionMask = 2147483647;
			files = (
			);
			inputFileListPaths = (
				"${PODS_ROOT}/Target Support Files/Pods-SwiftUI-Combine/Pods-SwiftUI-Combine-frameworks-${CONFIGURATION}-input-files.xcfilelist",
			);
			name = "[CP] Embed Pods Frameworks";
			outputFileListPaths = (
				"${PODS_ROOT}/Target Support Files/Pods-SwiftUI-Combine/Pods-SwiftUI-Combine-frameworks-${CONFIGURATION}-output-files.xcfilelist",
			);
			runOnlyForDeploymentPostprocessing = 0;
			shellPath = /bin/sh;
			shellScript = "\"${PODS_ROOT}/Target Support Files/Pods-SwiftUI-Combine/Pods-SwiftUI-Combine-frameworks.sh\"\n";
			showEnvVarsInLog = 0;
		};
/* End PBXShellScriptBuildPhase section */

/* Begin PBXSourcesBuildPhase section */
		882C7EA2231D7ADF00B9AFC5 /* Sources */ = {
			isa = PBXSourcesBuildPhase;
			buildActionMask = 2147483647;
			files = (
				882C7EAA231D7ADF00B9AFC5 /* AppDelegate.swift in Sources */,
				88AC600223294399007E504C /* UserViewModel.swift in Sources */,
				882C7EAC231D7ADF00B9AFC5 /* SceneDelegate.swift in Sources */,
				882C7EAE231D7ADF00B9AFC5 /* ContentView.swift in Sources */,
			);
			runOnlyForDeploymentPostprocessing = 0;
		};
		882C7EB8231D7AE100B9AFC5 /* Sources */ = {
			isa = PBXSourcesBuildPhase;
			buildActionMask = 2147483647;
			files = (
				882C7EC1231D7AE100B9AFC5 /* SwiftUI_CombineTests.swift in Sources */,
			);
			runOnlyForDeploymentPostprocessing = 0;
		};
/* End PBXSourcesBuildPhase section */

/* Begin PBXTargetDependency section */
		882C7EBE231D7AE100B9AFC5 /* PBXTargetDependency */ = {
			isa = PBXTargetDependency;
			target = 882C7EA5231D7ADF00B9AFC5 /* SwiftUI-Combine */;
			targetProxy = 882C7EBD231D7AE100B9AFC5 /* PBXContainerItemProxy */;
		};
/* End PBXTargetDependency section */

/* Begin PBXVariantGroup section */
		882C7EB4231D7AE000B9AFC5 /* LaunchScreen.storyboard */ = {
			isa = PBXVariantGroup;
			children = (
				882C7EB5231D7AE000B9AFC5 /* Base */,
			);
			name = LaunchScreen.storyboard;
			sourceTree = "<group>";
		};
/* End PBXVariantGroup section */

/* Begin XCBuildConfiguration section */
		882C7EC3231D7AE100B9AFC5 /* Debug */ = {
			isa = XCBuildConfiguration;
			buildSettings = {
				ALWAYS_SEARCH_USER_PATHS = NO;
				CLANG_ANALYZER_NONNULL = YES;
				CLANG_ANALYZER_NUMBER_OBJECT_CONVERSION = YES_AGGRESSIVE;
				CLANG_CXX_LANGUAGE_STANDARD = "gnu++14";
				CLANG_CXX_LIBRARY = "libc++";
				CLANG_ENABLE_MODULES = YES;
				CLANG_ENABLE_OBJC_ARC = YES;
				CLANG_ENABLE_OBJC_WEAK = YES;
				CLANG_WARN_BLOCK_CAPTURE_AUTORELEASING = YES;
				CLANG_WARN_BOOL_CONVERSION = YES;
				CLANG_WARN_COMMA = YES;
				CLANG_WARN_CONSTANT_CONVERSION = YES;
				CLANG_WARN_DEPRECATED_OBJC_IMPLEMENTATIONS = YES;
				CLANG_WARN_DIRECT_OBJC_ISA_USAGE = YES_ERROR;
				CLANG_WARN_DOCUMENTATION_COMMENTS = YES;
				CLANG_WARN_EMPTY_BODY = YES;
				CLANG_WARN_ENUM_CONVERSION = YES;
				CLANG_WARN_INFINITE_RECURSION = YES;
				CLANG_WARN_INT_CONVERSION = YES;
				CLANG_WARN_NON_LITERAL_NULL_CONVERSION = YES;
				CLANG_WARN_OBJC_IMPLICIT_RETAIN_SELF = YES;
				CLANG_WARN_OBJC_LITERAL_CONVERSION = YES;
				CLANG_WARN_OBJC_ROOT_CLASS = YES_ERROR;
				CLANG_WARN_RANGE_LOOP_ANALYSIS = YES;
				CLANG_WARN_STRICT_PROTOTYPES = YES;
				CLANG_WARN_SUSPICIOUS_MOVE = YES;
				CLANG_WARN_UNGUARDED_AVAILABILITY = YES_AGGRESSIVE;
				CLANG_WARN_UNREACHABLE_CODE = YES;
				CLANG_WARN__DUPLICATE_METHOD_MATCH = YES;
				COPY_PHASE_STRIP = NO;
				DEBUG_INFORMATION_FORMAT = dwarf;
				ENABLE_STRICT_OBJC_MSGSEND = YES;
				ENABLE_TESTABILITY = YES;
				GCC_C_LANGUAGE_STANDARD = gnu11;
				GCC_DYNAMIC_NO_PIC = NO;
				GCC_NO_COMMON_BLOCKS = YES;
				GCC_OPTIMIZATION_LEVEL = 0;
				GCC_PREPROCESSOR_DEFINITIONS = (
					"DEBUG=1",
					"$(inherited)",
				);
				GCC_WARN_64_TO_32_BIT_CONVERSION = YES;
				GCC_WARN_ABOUT_RETURN_TYPE = YES_ERROR;
				GCC_WARN_UNDECLARED_SELECTOR = YES;
				GCC_WARN_UNINITIALIZED_AUTOS = YES_AGGRESSIVE;
				GCC_WARN_UNUSED_FUNCTION = YES;
				GCC_WARN_UNUSED_VARIABLE = YES;
				IPHONEOS_DEPLOYMENT_TARGET = 13.0;
				MTL_ENABLE_DEBUG_INFO = INCLUDE_SOURCE;
				MTL_FAST_MATH = YES;
				ONLY_ACTIVE_ARCH = YES;
				SDKROOT = iphoneos;
				SWIFT_ACTIVE_COMPILATION_CONDITIONS = DEBUG;
				SWIFT_OPTIMIZATION_LEVEL = "-Onone";
			};
			name = Debug;
		};
		882C7EC4231D7AE100B9AFC5 /* Release */ = {
			isa = XCBuildConfiguration;
			buildSettings = {
				ALWAYS_SEARCH_USER_PATHS = NO;
				CLANG_ANALYZER_NONNULL = YES;
				CLANG_ANALYZER_NUMBER_OBJECT_CONVERSION = YES_AGGRESSIVE;
				CLANG_CXX_LANGUAGE_STANDARD = "gnu++14";
				CLANG_CXX_LIBRARY = "libc++";
				CLANG_ENABLE_MODULES = YES;
				CLANG_ENABLE_OBJC_ARC = YES;
				CLANG_ENABLE_OBJC_WEAK = YES;
				CLANG_WARN_BLOCK_CAPTURE_AUTORELEASING = YES;
				CLANG_WARN_BOOL_CONVERSION = YES;
				CLANG_WARN_COMMA = YES;
				CLANG_WARN_CONSTANT_CONVERSION = YES;
				CLANG_WARN_DEPRECATED_OBJC_IMPLEMENTATIONS = YES;
				CLANG_WARN_DIRECT_OBJC_ISA_USAGE = YES_ERROR;
				CLANG_WARN_DOCUMENTATION_COMMENTS = YES;
				CLANG_WARN_EMPTY_BODY = YES;
				CLANG_WARN_ENUM_CONVERSION = YES;
				CLANG_WARN_INFINITE_RECURSION = YES;
				CLANG_WARN_INT_CONVERSION = YES;
				CLANG_WARN_NON_LITERAL_NULL_CONVERSION = YES;
				CLANG_WARN_OBJC_IMPLICIT_RETAIN_SELF = YES;
				CLANG_WARN_OBJC_LITERAL_CONVERSION = YES;
				CLANG_WARN_OBJC_ROOT_CLASS = YES_ERROR;
				CLANG_WARN_RANGE_LOOP_ANALYSIS = YES;
				CLANG_WARN_STRICT_PROTOTYPES = YES;
				CLANG_WARN_SUSPICIOUS_MOVE = YES;
				CLANG_WARN_UNGUARDED_AVAILABILITY = YES_AGGRESSIVE;
				CLANG_WARN_UNREACHABLE_CODE = YES;
				CLANG_WARN__DUPLICATE_METHOD_MATCH = YES;
				COPY_PHASE_STRIP = NO;
				DEBUG_INFORMATION_FORMAT = "dwarf-with-dsym";
				ENABLE_NS_ASSERTIONS = NO;
				ENABLE_STRICT_OBJC_MSGSEND = YES;
				GCC_C_LANGUAGE_STANDARD = gnu11;
				GCC_NO_COMMON_BLOCKS = YES;
				GCC_WARN_64_TO_32_BIT_CONVERSION = YES;
				GCC_WARN_ABOUT_RETURN_TYPE = YES_ERROR;
				GCC_WARN_UNDECLARED_SELECTOR = YES;
				GCC_WARN_UNINITIALIZED_AUTOS = YES_AGGRESSIVE;
				GCC_WARN_UNUSED_FUNCTION = YES;
				GCC_WARN_UNUSED_VARIABLE = YES;
				IPHONEOS_DEPLOYMENT_TARGET = 13.0;
				MTL_ENABLE_DEBUG_INFO = NO;
				MTL_FAST_MATH = YES;
				SDKROOT = iphoneos;
				SWIFT_COMPILATION_MODE = wholemodule;
				SWIFT_OPTIMIZATION_LEVEL = "-O";
				VALIDATE_PRODUCT = YES;
			};
			name = Release;
		};
		882C7EC6231D7AE100B9AFC5 /* Debug */ = {
			isa = XCBuildConfiguration;
			baseConfigurationReference = 90842E7EA5DF6F7316755E72 /* Pods-SwiftUI-Combine.debug.xcconfig */;
			buildSettings = {
				ASSETCATALOG_COMPILER_APPICON_NAME = AppIcon;
				CODE_SIGN_STYLE = Automatic;
				DEVELOPMENT_ASSET_PATHS = "\"SwiftUI-Combine/Preview Content\"";
				DEVELOPMENT_TEAM = YGAZHQXHH4;
				ENABLE_PREVIEWS = YES;
				INFOPLIST_FILE = "SwiftUI-Combine/Info.plist";
				LD_RUNPATH_SEARCH_PATHS = (
					"$(inherited)",
					"@executable_path/Frameworks",
				);
				PRODUCT_BUNDLE_IDENTIFIER = "dev.peterfriese.SwiftUI-Combine";
				PRODUCT_NAME = "$(TARGET_NAME)";
				SWIFT_VERSION = 5.0;
				TARGETED_DEVICE_FAMILY = "1,2";
			};
			name = Debug;
		};
		882C7EC7231D7AE100B9AFC5 /* Release */ = {
			isa = XCBuildConfiguration;
			baseConfigurationReference = 599086138F71BEBCF45931C6 /* Pods-SwiftUI-Combine.release.xcconfig */;
			buildSettings = {
				ASSETCATALOG_COMPILER_APPICON_NAME = AppIcon;
				CODE_SIGN_STYLE = Automatic;
				DEVELOPMENT_ASSET_PATHS = "\"SwiftUI-Combine/Preview Content\"";
				DEVELOPMENT_TEAM = YGAZHQXHH4;
				ENABLE_PREVIEWS = YES;
				INFOPLIST_FILE = "SwiftUI-Combine/Info.plist";
				LD_RUNPATH_SEARCH_PATHS = (
					"$(inherited)",
					"@executable_path/Frameworks",
				);
				PRODUCT_BUNDLE_IDENTIFIER = "dev.peterfriese.SwiftUI-Combine";
				PRODUCT_NAME = "$(TARGET_NAME)";
				SWIFT_VERSION = 5.0;
				TARGETED_DEVICE_FAMILY = "1,2";
			};
			name = Release;
		};
		882C7EC9231D7AE100B9AFC5 /* Debug */ = {
			isa = XCBuildConfiguration;
			baseConfigurationReference = A874CED7A50631579A1CC107 /* Pods-SwiftUI-CombineTests.debug.xcconfig */;
			buildSettings = {
				ALWAYS_EMBED_SWIFT_STANDARD_LIBRARIES = YES;
				BUNDLE_LOADER = "$(TEST_HOST)";
				CODE_SIGN_STYLE = Automatic;
				DEVELOPMENT_TEAM = YGAZHQXHH4;
				INFOPLIST_FILE = "SwiftUI-CombineTests/Info.plist";
				IPHONEOS_DEPLOYMENT_TARGET = 13.0;
				LD_RUNPATH_SEARCH_PATHS = (
					"$(inherited)",
					"@executable_path/Frameworks",
					"@loader_path/Frameworks",
				);
				PRODUCT_BUNDLE_IDENTIFIER = "dev.peterfriese.SwiftUI-CombineTests";
				PRODUCT_NAME = "$(TARGET_NAME)";
				SWIFT_VERSION = 5.0;
				TARGETED_DEVICE_FAMILY = "1,2";
				TEST_HOST = "$(BUILT_PRODUCTS_DIR)/SwiftUI-Combine.app/SwiftUI-Combine";
			};
			name = Debug;
		};
		882C7ECA231D7AE100B9AFC5 /* Release */ = {
			isa = XCBuildConfiguration;
			baseConfigurationReference = E12A138418FFFE624CC418C6 /* Pods-SwiftUI-CombineTests.release.xcconfig */;
			buildSettings = {
				ALWAYS_EMBED_SWIFT_STANDARD_LIBRARIES = YES;
				BUNDLE_LOADER = "$(TEST_HOST)";
				CODE_SIGN_STYLE = Automatic;
				DEVELOPMENT_TEAM = YGAZHQXHH4;
				INFOPLIST_FILE = "SwiftUI-CombineTests/Info.plist";
				IPHONEOS_DEPLOYMENT_TARGET = 13.0;
				LD_RUNPATH_SEARCH_PATHS = (
					"$(inherited)",
					"@executable_path/Frameworks",
					"@loader_path/Frameworks",
				);
				PRODUCT_BUNDLE_IDENTIFIER = "dev.peterfriese.SwiftUI-CombineTests";
				PRODUCT_NAME = "$(TARGET_NAME)";
				SWIFT_VERSION = 5.0;
				TARGETED_DEVICE_FAMILY = "1,2";
				TEST_HOST = "$(BUILT_PRODUCTS_DIR)/SwiftUI-Combine.app/SwiftUI-Combine";
			};
			name = Release;
		};
/* End XCBuildConfiguration section */

/* Begin XCConfigurationList section */
		882C7EA1231D7ADF00B9AFC5 /* Build configuration list for PBXProject "SwiftUI-Combine" */ = {
			isa = XCConfigurationList;
			buildConfigurations = (
				882C7EC3231D7AE100B9AFC5 /* Debug */,
				882C7EC4231D7AE100B9AFC5 /* Release */,
			);
			defaultConfigurationIsVisible = 0;
			defaultConfigurationName = Release;
		};
		882C7EC5231D7AE100B9AFC5 /* Build configuration list for PBXNativeTarget "SwiftUI-Combine" */ = {
			isa = XCConfigurationList;
			buildConfigurations = (
				882C7EC6231D7AE100B9AFC5 /* Debug */,
				882C7EC7231D7AE100B9AFC5 /* Release */,
			);
			defaultConfigurationIsVisible = 0;
			defaultConfigurationName = Release;
		};
		882C7EC8231D7AE100B9AFC5 /* Build configuration list for PBXNativeTarget "SwiftUI-CombineTests" */ = {
			isa = XCConfigurationList;
			buildConfigurations = (
				882C7EC9231D7AE100B9AFC5 /* Debug */,
				882C7ECA231D7AE100B9AFC5 /* Release */,
			);
			defaultConfigurationIsVisible = 0;
			defaultConfigurationName = Release;
		};
/* End XCConfigurationList section */
	};
	rootObject = 882C7E9E231D7ADF00B9AFC5 /* Project object */;
}
